PODS:
  - BRPickerView (2.9.9):
    - BRPickerView/All (= 2.9.9)
  - BRPickerView/All (2.9.9):
    - BRPickerView/Default
    - BRPickerView/Deprecated
  - BRPickerView/Core (2.9.9)
  - BRPickerView/DatePicker (2.9.9):
    - BRPickerView/Core
  - BRPickerView/Default (2.9.9):
    - BRPickerView/DatePicker
    - BRPickerView/TextPicker
  - BRPickerView/Deprecated (2.9.9):
    - BRPickerView/Core
    - BRPickerView/Deprecated/AddressPickerView (= 2.9.9)
    - BRPickerView/Deprecated/Base (= 2.9.9)
    - BRPickerView/Deprecated/StringPickerView (= 2.9.9)
  - BRPickerView/Deprecated/AddressPickerView (2.9.9):
    - BRPickerView/Core
    - BRPickerView/Deprecated/Base
  - BRPickerView/Deprecated/Base (2.9.9):
    - BRPickerView/Core
  - BRPickerView/Deprecated/StringPickerView (2.9.9):
    - BRPickerView/Core
    - BRPickerView/Deprecated/Base
  - BRPickerView/TextPicker (2.9.9):
    - BRPickerView/Core
  - iOS_LWAIGCKit (1.0.5):
    - MJExtension
    - SocketRocket
    - SSZipArchive
  - LGlassesKit_iOS (1.0.8):
    - LGlassesKit_iOS/Basic (= 1.0.8)
    - LGlassesKit_iOS/JL_OTA (= 1.0.8)
  - LGlassesKit_iOS/Basic (1.0.8)
  - LGlassesKit_iOS/JL_OTA (1.0.8)
  - libopus (1.1):
    - libopus/float (= 1.1)
  - libopus/float (1.1)
  - Masonry (1.1.0)
  - MJExtension (3.4.2)
  - Realm (20.0.3):
    - Realm/Headers (= 20.0.3)
  - Realm/Headers (20.0.3)
  - SocketRocket (0.7.1)
  - SSZipArchive (2.4.3)
  - SVProgressHUD (2.3.1):
    - SVProgressHUD/Core (= 2.3.1)
  - SVProgressHUD/Core (2.3.1)
  - ZegoExpressEngine (3.22.0)

DEPENDENCIES:
  - BRPickerView
  - iOS_LWAIGCKit (from `https://github.com/wsr1949/iOS_LWAIGCKit.git`)
  - LGlassesKit_iOS (from `https://github.com/wsr1949/LGlassesKit_iOS.git`)
  - libopus
  - Masonry
  - Realm
  - SVProgressHUD
  - ZegoExpressEngine

SPEC REPOS:
  https://mirrors.tuna.tsinghua.edu.cn/git/CocoaPods/Specs.git:
    - BRPickerView
    - libopus
    - Masonry
    - MJExtension
    - Realm
    - SocketRocket
    - SSZipArchive
    - SVProgressHUD
    - ZegoExpressEngine

EXTERNAL SOURCES:
  iOS_LWAIGCKit:
    :git: https://github.com/wsr1949/iOS_LWAIGCKit.git
  LGlassesKit_iOS:
    :git: https://github.com/wsr1949/LGlassesKit_iOS.git

CHECKOUT OPTIONS:
  iOS_LWAIGCKit:
    :commit: f24a408783c2ba904fb18af4cfd343474d36f83d
    :git: https://github.com/wsr1949/iOS_LWAIGCKit.git
  LGlassesKit_iOS:
    :commit: 9c9adad84e2db273e722d0848113d23152ae5a5f
    :git: https://github.com/wsr1949/LGlassesKit_iOS.git

SPEC CHECKSUMS:
  BRPickerView: 84b2effb81f3b9ebd27f1d31de867ae0b37024f7
  iOS_LWAIGCKit: 5f1587fb47cebbfab682d6d3ab96a32072d5a1af
  LGlassesKit_iOS: 7a9323f86abc745bb7151d5b72b6c6228bec929a
  libopus: ad5f060dcb8f30f139777244d70f9111f1c80863
  Masonry: 678fab65091a9290e40e2832a55e7ab731aad201
  MJExtension: e97d164cb411aa9795cf576093a1fa208b4a8dd8
  Realm: 853e5089d6042dff807bda000277eadfe2da93d2
  SocketRocket: d4aabe649be1e368d1318fdf28a022d714d65748
  SSZipArchive: fe6a26b2a54d5a0890f2567b5cc6de5caa600aef
  SVProgressHUD: 4837c74bdfe2e51e8821c397825996a8d7de6e22
  ZegoExpressEngine: c1b01551fc817e6fd32b3a877a9d15de6d93f68e

PODFILE CHECKSUM: b54917befbd36594273fbcb053d6a85f0935d808

COCOAPODS: 1.16.2
