// !$*UTF8*$!
{
	archiveVersion = 1;
	classes = {
	};
	objectVersion = 77;
	objects = {

/* Begin PBXBuildFile section */
		25351ABE96560EB4B8563D06 /* Pods_LGlassesKit_iOS_Demo.framework in Frameworks */ = {isa = PBXBuildFile; fileRef = DDEBF67857238F56BD53624F /* Pods_LGlassesKit_iOS_Demo.framework */; };
/* End PBXBuildFile section */

/* Begin PBXFileReference section */
		2086B63892D3DEFBCA88A810 /* Pods-LGlassesKit_iOS_Demo.release.xcconfig */ = {isa = PBXFileReference; includeInIndex = 1; lastKnownFileType = text.xcconfig; name = "Pods-LGlassesKit_iOS_Demo.release.xcconfig"; path = "Target Support Files/Pods-LGlassesKit_iOS_Demo/Pods-LGlassesKit_iOS_Demo.release.xcconfig"; sourceTree = "<group>"; };
		5934C3272EAF74B200B1A91B /* iOS_LWAIGCKit.framework */ = {isa = PBXFileReference; explicitFileType = wrapper.framework; path = iOS_LWAIGCKit.framework; sourceTree = BUILT_PRODUCTS_DIR; };
		59459AFF2E7CF987002AA3FF /* LGlassesKit_iOS_Demo.app */ = {isa = PBXFileReference; explicitFileType = wrapper.application; includeInIndex = 0; path = LGlassesKit_iOS_Demo.app; sourceTree = BUILT_PRODUCTS_DIR; };
		59BB375E2E815D34003505EA /* LGlassesKit_iOS.xcframework */ = {isa = PBXFileReference; lastKnownFileType = wrapper.xcframework; name = LGlassesKit_iOS.xcframework; path = ../BuildSDK/XCFramework/LGlassesKit_iOS.xcframework; sourceTree = "<group>"; };
		59BB3A5D2E867F48003505EA /* LGlassesKit_iOS.framework */ = {isa = PBXFileReference; explicitFileType = wrapper.framework; path = LGlassesKit_iOS.framework; sourceTree = BUILT_PRODUCTS_DIR; };
		873A5F13AA072AC6C633C2EC /* Pods-LGlassesKit_iOS_Demo.debug.xcconfig */ = {isa = PBXFileReference; includeInIndex = 1; lastKnownFileType = text.xcconfig; name = "Pods-LGlassesKit_iOS_Demo.debug.xcconfig"; path = "Target Support Files/Pods-LGlassesKit_iOS_Demo/Pods-LGlassesKit_iOS_Demo.debug.xcconfig"; sourceTree = "<group>"; };
		DDEBF67857238F56BD53624F /* Pods_LGlassesKit_iOS_Demo.framework */ = {isa = PBXFileReference; explicitFileType = wrapper.framework; includeInIndex = 0; path = Pods_LGlassesKit_iOS_Demo.framework; sourceTree = BUILT_PRODUCTS_DIR; };
/* End PBXFileReference section */

/* Begin PBXFileSystemSynchronizedBuildFileExceptionSet section */
		59459B162E7CF988002AA3FF /* Exceptions for "LGlassesKit_iOS_Demo" folder in "LGlassesKit_iOS_Demo" target */ = {
			isa = PBXFileSystemSynchronizedBuildFileExceptionSet;
			membershipExceptions = (
				Info.plist,
			);
			target = 59459AFE2E7CF987002AA3FF /* LGlassesKit_iOS_Demo */;
		};
/* End PBXFileSystemSynchronizedBuildFileExceptionSet section */

/* Begin PBXFileSystemSynchronizedRootGroup section */
		59459B012E7CF987002AA3FF /* LGlassesKit_iOS_Demo */ = {
			isa = PBXFileSystemSynchronizedRootGroup;
			exceptions = (
				59459B162E7CF988002AA3FF /* Exceptions for "LGlassesKit_iOS_Demo" folder in "LGlassesKit_iOS_Demo" target */,
			);
			path = LGlassesKit_iOS_Demo;
			sourceTree = "<group>";
		};
/* End PBXFileSystemSynchronizedRootGroup section */

/* Begin PBXFrameworksBuildPhase section */
		59459AFC2E7CF987002AA3FF /* Frameworks */ = {
			isa = PBXFrameworksBuildPhase;
			buildActionMask = 2147483647;
			files = (
				25351ABE96560EB4B8563D06 /* Pods_LGlassesKit_iOS_Demo.framework in Frameworks */,
			);
			runOnlyForDeploymentPostprocessing = 0;
		};
/* End PBXFrameworksBuildPhase section */

/* Begin PBXGroup section */
		2313D2951C5A3BB91D0778A9 /* Pods */ = {
			isa = PBXGroup;
			children = (
				873A5F13AA072AC6C633C2EC /* Pods-LGlassesKit_iOS_Demo.debug.xcconfig */,
				2086B63892D3DEFBCA88A810 /* Pods-LGlassesKit_iOS_Demo.release.xcconfig */,
			);
			path = Pods;
			sourceTree = "<group>";
		};
		59459AF62E7CF987002AA3FF = {
			isa = PBXGroup;
			children = (
				59459B012E7CF987002AA3FF /* LGlassesKit_iOS_Demo */,
				59459B002E7CF987002AA3FF /* Products */,
				2313D2951C5A3BB91D0778A9 /* Pods */,
				EBA32F5D1D141479E2A46AB2 /* Frameworks */,
			);
			sourceTree = "<group>";
		};
		59459B002E7CF987002AA3FF /* Products */ = {
			isa = PBXGroup;
			children = (
				59459AFF2E7CF987002AA3FF /* LGlassesKit_iOS_Demo.app */,
			);
			name = Products;
			sourceTree = "<group>";
		};
		EBA32F5D1D141479E2A46AB2 /* Frameworks */ = {
			isa = PBXGroup;
			children = (
				5934C3272EAF74B200B1A91B /* iOS_LWAIGCKit.framework */,
				59BB3A5D2E867F48003505EA /* LGlassesKit_iOS.framework */,
				59BB375E2E815D34003505EA /* LGlassesKit_iOS.xcframework */,
				DDEBF67857238F56BD53624F /* Pods_LGlassesKit_iOS_Demo.framework */,
			);
			name = Frameworks;
			sourceTree = "<group>";
		};
/* End PBXGroup section */

/* Begin PBXNativeTarget section */
		59459AFE2E7CF987002AA3FF /* LGlassesKit_iOS_Demo */ = {
			isa = PBXNativeTarget;
			buildConfigurationList = 59459B172E7CF988002AA3FF /* Build configuration list for PBXNativeTarget "LGlassesKit_iOS_Demo" */;
			buildPhases = (
				67B62C87630ACC063A039710 /* [CP] Check Pods Manifest.lock */,
				59459AFB2E7CF987002AA3FF /* Sources */,
				59459AFC2E7CF987002AA3FF /* Frameworks */,
				59459AFD2E7CF987002AA3FF /* Resources */,
				F600D329A9E46DC9054E7A8F /* [CP] Embed Pods Frameworks */,
			);
			buildRules = (
			);
			dependencies = (
			);
			fileSystemSynchronizedGroups = (
				59459B012E7CF987002AA3FF /* LGlassesKit_iOS_Demo */,
			);
			name = LGlassesKit_iOS_Demo;
			productName = LGlassesKit_iOS_Demo;
			productReference = 59459AFF2E7CF987002AA3FF /* LGlassesKit_iOS_Demo.app */;
			productType = "com.apple.product-type.application";
		};
/* End PBXNativeTarget section */

/* Begin PBXProject section */
		59459AF72E7CF987002AA3FF /* Project object */ = {
			isa = PBXProject;
			attributes = {
				BuildIndependentTargetsInParallel = 1;
				LastUpgradeCheck = 1640;
				TargetAttributes = {
					59459AFE2E7CF987002AA3FF = {
						CreatedOnToolsVersion = 16.4;
					};
				};
			};
			buildConfigurationList = 59459AFA2E7CF987002AA3FF /* Build configuration list for PBXProject "LGlassesKit_iOS_Demo" */;
			developmentRegion = en;
			hasScannedForEncodings = 0;
			knownRegions = (
				en,
				Base,
			);
			mainGroup = 59459AF62E7CF987002AA3FF;
			minimizedProjectReferenceProxies = 1;
			preferredProjectObjectVersion = 77;
			productRefGroup = 59459B002E7CF987002AA3FF /* Products */;
			projectDirPath = "";
			projectRoot = "";
			targets = (
				59459AFE2E7CF987002AA3FF /* LGlassesKit_iOS_Demo */,
			);
		};
/* End PBXProject section */

/* Begin PBXResourcesBuildPhase section */
		59459AFD2E7CF987002AA3FF /* Resources */ = {
			isa = PBXResourcesBuildPhase;
			buildActionMask = 2147483647;
			files = (
			);
			runOnlyForDeploymentPostprocessing = 0;
		};
/* End PBXResourcesBuildPhase section */

/* Begin PBXShellScriptBuildPhase section */
		67B62C87630ACC063A039710 /* [CP] Check Pods Manifest.lock */ = {
			isa = PBXShellScriptBuildPhase;
			buildActionMask = 2147483647;
			files = (
			);
			inputFileListPaths = (
			);
			inputPaths = (
				"${PODS_PODFILE_DIR_PATH}/Podfile.lock",
				"${PODS_ROOT}/Manifest.lock",
			);
			name = "[CP] Check Pods Manifest.lock";
			outputFileListPaths = (
			);
			outputPaths = (
				"$(DERIVED_FILE_DIR)/Pods-LGlassesKit_iOS_Demo-checkManifestLockResult.txt",
			);
			runOnlyForDeploymentPostprocessing = 0;
			shellPath = /bin/sh;
			shellScript = "diff \"${PODS_PODFILE_DIR_PATH}/Podfile.lock\" \"${PODS_ROOT}/Manifest.lock\" > /dev/null\nif [ $? != 0 ] ; then\n    # print error to STDERR\n    echo \"error: The sandbox is not in sync with the Podfile.lock. Run 'pod install' or update your CocoaPods installation.\" >&2\n    exit 1\nfi\n# This output is used by Xcode 'outputs' to avoid re-running this script phase.\necho \"SUCCESS\" > \"${SCRIPT_OUTPUT_FILE_0}\"\n";
			showEnvVarsInLog = 0;
		};
		F600D329A9E46DC9054E7A8F /* [CP] Embed Pods Frameworks */ = {
			isa = PBXShellScriptBuildPhase;
			buildActionMask = 2147483647;
			files = (
			);
			inputFileListPaths = (
				"${PODS_ROOT}/Target Support Files/Pods-LGlassesKit_iOS_Demo/Pods-LGlassesKit_iOS_Demo-frameworks-${CONFIGURATION}-input-files.xcfilelist",
			);
			name = "[CP] Embed Pods Frameworks";
			outputFileListPaths = (
				"${PODS_ROOT}/Target Support Files/Pods-LGlassesKit_iOS_Demo/Pods-LGlassesKit_iOS_Demo-frameworks-${CONFIGURATION}-output-files.xcfilelist",
			);
			runOnlyForDeploymentPostprocessing = 0;
			shellPath = /bin/sh;
			shellScript = "\"${PODS_ROOT}/Target Support Files/Pods-LGlassesKit_iOS_Demo/Pods-LGlassesKit_iOS_Demo-frameworks.sh\"\n";
			showEnvVarsInLog = 0;
		};
/* End PBXShellScriptBuildPhase section */

/* Begin PBXSourcesBuildPhase section */
		59459AFB2E7CF987002AA3FF /* Sources */ = {
			isa = PBXSourcesBuildPhase;
			buildActionMask = 2147483647;
			files = (
			);
			runOnlyForDeploymentPostprocessing = 0;
		};
/* End PBXSourcesBuildPhase section */

/* Begin XCBuildConfiguration section */
		59459B182E7CF988002AA3FF /* Debug */ = {
			isa = XCBuildConfiguration;
			baseConfigurationReference = 873A5F13AA072AC6C633C2EC /* Pods-LGlassesKit_iOS_Demo.debug.xcconfig */;
			buildSettings = {
				ASSETCATALOG_COMPILER_APPICON_NAME = AppIcon;
				ASSETCATALOG_COMPILER_GLOBAL_ACCENT_COLOR_NAME = AccentColor;
				CLANG_ENABLE_OBJC_ARC_EXCEPTIONS = NO;
				CODE_SIGN_ENTITLEMENTS = LGlassesKit_iOS_Demo/LGlassesKit_iOS_Demo.entitlements;
				CODE_SIGN_STYLE = Automatic;
				CURRENT_PROJECT_VERSION = 1;
				DEVELOPMENT_TEAM = PL4B74TGHZ;
				ENABLE_USER_SCRIPT_SANDBOXING = NO;
				FRAMEWORK_SEARCH_PATHS = "$(inherited)";
				GCC_PREFIX_HEADER = "$(SRCROOT)/LGlassesKit_iOS_Demo/PrefixHeader.pch";
				GENERATE_INFOPLIST_FILE = YES;
				INFOPLIST_FILE = LGlassesKit_iOS_Demo/Info.plist;
				INFOPLIST_KEY_NSBluetoothAlwaysUsageDescription = "访问蓝牙";
				INFOPLIST_KEY_NSLocalNetworkUsageDescription = "访问本地网络";
				INFOPLIST_KEY_UIApplicationSupportsIndirectInputEvents = YES;
				INFOPLIST_KEY_UILaunchStoryboardName = LaunchScreen;
				INFOPLIST_KEY_UIMainStoryboardFile = Main;
				INFOPLIST_KEY_UISupportedInterfaceOrientations = "UIInterfaceOrientationLandscapeLeft UIInterfaceOrientationLandscapeRight UIInterfaceOrientationPortrait UIInterfaceOrientationPortraitUpsideDown";
				IPHONEOS_DEPLOYMENT_TARGET = 14.0;
				LD_RUNPATH_SEARCH_PATHS = (
					"$(inherited)",
					"@executable_path/Frameworks",
				);
				MARKETING_VERSION = 1.0;
				PRODUCT_BUNDLE_IDENTIFIER = "com.linwear.LGlassesKit-iOS-Demo";
				PRODUCT_NAME = "$(TARGET_NAME)";
				SWIFT_EMIT_LOC_STRINGS = YES;
				TARGETED_DEVICE_FAMILY = "1,2";
			};
			name = Debug;
		};
		59459B192E7CF988002AA3FF /* Release */ = {
			isa = XCBuildConfiguration;
			baseConfigurationReference = 2086B63892D3DEFBCA88A810 /* Pods-LGlassesKit_iOS_Demo.release.xcconfig */;
			buildSettings = {
				ASSETCATALOG_COMPILER_APPICON_NAME = AppIcon;
				ASSETCATALOG_COMPILER_GLOBAL_ACCENT_COLOR_NAME = AccentColor;
				CLANG_ENABLE_OBJC_ARC_EXCEPTIONS = NO;
				CODE_SIGN_ENTITLEMENTS = LGlassesKit_iOS_Demo/LGlassesKit_iOS_Demo.entitlements;
				CODE_SIGN_STYLE = Automatic;
				CURRENT_PROJECT_VERSION = 1;
				DEVELOPMENT_TEAM = PL4B74TGHZ;
				ENABLE_USER_SCRIPT_SANDBOXING = NO;
				FRAMEWORK_SEARCH_PATHS = (
					"$(inherited)",
					"$(PROJECT_DIR)/LGlassesKit_iOS_Demo/SDK",
				);
				GCC_PREFIX_HEADER = "$(SRCROOT)/LGlassesKit_iOS_Demo/PrefixHeader.pch";
				GENERATE_INFOPLIST_FILE = YES;
				INFOPLIST_FILE = LGlassesKit_iOS_Demo/Info.plist;
				INFOPLIST_KEY_NSBluetoothAlwaysUsageDescription = "访问蓝牙";
				INFOPLIST_KEY_NSLocalNetworkUsageDescription = "访问本地网络";
				INFOPLIST_KEY_UIApplicationSupportsIndirectInputEvents = YES;
				INFOPLIST_KEY_UILaunchStoryboardName = LaunchScreen;
				INFOPLIST_KEY_UIMainStoryboardFile = Main;
				INFOPLIST_KEY_UISupportedInterfaceOrientations = "UIInterfaceOrientationLandscapeLeft UIInterfaceOrientationLandscapeRight UIInterfaceOrientationPortrait UIInterfaceOrientationPortraitUpsideDown";
				IPHONEOS_DEPLOYMENT_TARGET = 14.0;
				LD_RUNPATH_SEARCH_PATHS = (
					"$(inherited)",
					"@executable_path/Frameworks",
				);
				MARKETING_VERSION = 1.0;
				PRODUCT_BUNDLE_IDENTIFIER = "com.linwear.LGlassesKit-iOS-Demo";
				PRODUCT_NAME = "$(TARGET_NAME)";
				SWIFT_EMIT_LOC_STRINGS = YES;
				TARGETED_DEVICE_FAMILY = "1,2";
			};
			name = Release;
		};
		59459B1A2E7CF988002AA3FF /* Debug */ = {
			isa = XCBuildConfiguration;
			buildSettings = {
				ALWAYS_SEARCH_USER_PATHS = NO;
				ASSETCATALOG_COMPILER_GENERATE_SWIFT_ASSET_SYMBOL_EXTENSIONS = YES;
				CLANG_ANALYZER_NONNULL = YES;
				CLANG_ANALYZER_NUMBER_OBJECT_CONVERSION = YES_AGGRESSIVE;
				CLANG_CXX_LANGUAGE_STANDARD = "gnu++20";
				CLANG_ENABLE_MODULES = YES;
				CLANG_ENABLE_OBJC_ARC = YES;
				CLANG_ENABLE_OBJC_WEAK = YES;
				CLANG_WARN_BLOCK_CAPTURE_AUTORELEASING = YES;
				CLANG_WARN_BOOL_CONVERSION = YES;
				CLANG_WARN_COMMA = YES;
				CLANG_WARN_CONSTANT_CONVERSION = YES;
				CLANG_WARN_DEPRECATED_OBJC_IMPLEMENTATIONS = YES;
				CLANG_WARN_DIRECT_OBJC_ISA_USAGE = YES_ERROR;
				CLANG_WARN_DOCUMENTATION_COMMENTS = YES;
				CLANG_WARN_EMPTY_BODY = YES;
				CLANG_WARN_ENUM_CONVERSION = YES;
				CLANG_WARN_INFINITE_RECURSION = YES;
				CLANG_WARN_INT_CONVERSION = YES;
				CLANG_WARN_NON_LITERAL_NULL_CONVERSION = YES;
				CLANG_WARN_OBJC_IMPLICIT_RETAIN_SELF = YES;
				CLANG_WARN_OBJC_LITERAL_CONVERSION = YES;
				CLANG_WARN_OBJC_ROOT_CLASS = YES_ERROR;
				CLANG_WARN_QUOTED_INCLUDE_IN_FRAMEWORK_HEADER = YES;
				CLANG_WARN_RANGE_LOOP_ANALYSIS = YES;
				CLANG_WARN_STRICT_PROTOTYPES = YES;
				CLANG_WARN_SUSPICIOUS_MOVE = YES;
				CLANG_WARN_UNGUARDED_AVAILABILITY = YES_AGGRESSIVE;
				CLANG_WARN_UNREACHABLE_CODE = YES;
				CLANG_WARN__DUPLICATE_METHOD_MATCH = YES;
				COPY_PHASE_STRIP = NO;
				DEBUG_INFORMATION_FORMAT = dwarf;
				DEVELOPMENT_TEAM = PL4B74TGHZ;
				ENABLE_STRICT_OBJC_MSGSEND = YES;
				ENABLE_TESTABILITY = YES;
				ENABLE_USER_SCRIPT_SANDBOXING = YES;
				GCC_C_LANGUAGE_STANDARD = gnu17;
				GCC_DYNAMIC_NO_PIC = NO;
				GCC_NO_COMMON_BLOCKS = YES;
				GCC_OPTIMIZATION_LEVEL = 0;
				GCC_PREPROCESSOR_DEFINITIONS = (
					"DEBUG=1",
					"$(inherited)",
				);
				GCC_WARN_64_TO_32_BIT_CONVERSION = YES;
				GCC_WARN_ABOUT_RETURN_TYPE = YES_ERROR;
				GCC_WARN_UNDECLARED_SELECTOR = YES;
				GCC_WARN_UNINITIALIZED_AUTOS = YES_AGGRESSIVE;
				GCC_WARN_UNUSED_FUNCTION = YES;
				GCC_WARN_UNUSED_VARIABLE = YES;
				IPHONEOS_DEPLOYMENT_TARGET = 18.5;
				LOCALIZATION_PREFERS_STRING_CATALOGS = YES;
				MTL_ENABLE_DEBUG_INFO = INCLUDE_SOURCE;
				MTL_FAST_MATH = YES;
				ONLY_ACTIVE_ARCH = YES;
				SDKROOT = iphoneos;
			};
			name = Debug;
		};
		59459B1B2E7CF988002AA3FF /* Release */ = {
			isa = XCBuildConfiguration;
			buildSettings = {
				ALWAYS_SEARCH_USER_PATHS = NO;
				ASSETCATALOG_COMPILER_GENERATE_SWIFT_ASSET_SYMBOL_EXTENSIONS = YES;
				CLANG_ANALYZER_NONNULL = YES;
				CLANG_ANALYZER_NUMBER_OBJECT_CONVERSION = YES_AGGRESSIVE;
				CLANG_CXX_LANGUAGE_STANDARD = "gnu++20";
				CLANG_ENABLE_MODULES = YES;
				CLANG_ENABLE_OBJC_ARC = YES;
				CLANG_ENABLE_OBJC_WEAK = YES;
				CLANG_WARN_BLOCK_CAPTURE_AUTORELEASING = YES;
				CLANG_WARN_BOOL_CONVERSION = YES;
				CLANG_WARN_COMMA = YES;
				CLANG_WARN_CONSTANT_CONVERSION = YES;
				CLANG_WARN_DEPRECATED_OBJC_IMPLEMENTATIONS = YES;
				CLANG_WARN_DIRECT_OBJC_ISA_USAGE = YES_ERROR;
				CLANG_WARN_DOCUMENTATION_COMMENTS = YES;
				CLANG_WARN_EMPTY_BODY = YES;
				CLANG_WARN_ENUM_CONVERSION = YES;
				CLANG_WARN_INFINITE_RECURSION = YES;
				CLANG_WARN_INT_CONVERSION = YES;
				CLANG_WARN_NON_LITERAL_NULL_CONVERSION = YES;
				CLANG_WARN_OBJC_IMPLICIT_RETAIN_SELF = YES;
				CLANG_WARN_OBJC_LITERAL_CONVERSION = YES;
				CLANG_WARN_OBJC_ROOT_CLASS = YES_ERROR;
				CLANG_WARN_QUOTED_INCLUDE_IN_FRAMEWORK_HEADER = YES;
				CLANG_WARN_RANGE_LOOP_ANALYSIS = YES;
				CLANG_WARN_STRICT_PROTOTYPES = YES;
				CLANG_WARN_SUSPICIOUS_MOVE = YES;
				CLANG_WARN_UNGUARDED_AVAILABILITY = YES_AGGRESSIVE;
				CLANG_WARN_UNREACHABLE_CODE = YES;
				CLANG_WARN__DUPLICATE_METHOD_MATCH = YES;
				COPY_PHASE_STRIP = NO;
				DEBUG_INFORMATION_FORMAT = "dwarf-with-dsym";
				DEVELOPMENT_TEAM = PL4B74TGHZ;
				ENABLE_NS_ASSERTIONS = NO;
				ENABLE_STRICT_OBJC_MSGSEND = YES;
				ENABLE_USER_SCRIPT_SANDBOXING = YES;
				GCC_C_LANGUAGE_STANDARD = gnu17;
				GCC_NO_COMMON_BLOCKS = YES;
				GCC_WARN_64_TO_32_BIT_CONVERSION = YES;
				GCC_WARN_ABOUT_RETURN_TYPE = YES_ERROR;
				GCC_WARN_UNDECLARED_SELECTOR = YES;
				GCC_WARN_UNINITIALIZED_AUTOS = YES_AGGRESSIVE;
				GCC_WARN_UNUSED_FUNCTION = YES;
				GCC_WARN_UNUSED_VARIABLE = YES;
				IPHONEOS_DEPLOYMENT_TARGET = 18.5;
				LOCALIZATION_PREFERS_STRING_CATALOGS = YES;
				MTL_ENABLE_DEBUG_INFO = NO;
				MTL_FAST_MATH = YES;
				SDKROOT = iphoneos;
				VALIDATE_PRODUCT = YES;
			};
			name = Release;
		};
/* End XCBuildConfiguration section */

/* Begin XCConfigurationList section */
		59459AFA2E7CF987002AA3FF /* Build configuration list for PBXProject "LGlassesKit_iOS_Demo" */ = {
			isa = XCConfigurationList;
			buildConfigurations = (
				59459B1A2E7CF988002AA3FF /* Debug */,
				59459B1B2E7CF988002AA3FF /* Release */,
			);
			defaultConfigurationIsVisible = 0;
			defaultConfigurationName = Release;
		};
		59459B172E7CF988002AA3FF /* Build configuration list for PBXNativeTarget "LGlassesKit_iOS_Demo" */ = {
			isa = XCConfigurationList;
			buildConfigurations = (
				59459B182E7CF988002AA3FF /* Debug */,
				59459B192E7CF988002AA3FF /* Release */,
			);
			defaultConfigurationIsVisible = 0;
			defaultConfigurationName = Release;
		};
/* End XCConfigurationList section */
	};
	rootObject = 59459AF72E7CF987002AA3FF /* Project object */;
}
